// !$*UTF8*$!
{
	archiveVersion = 1;
	classes = {
	};
	objectVersion = 70;
	objects = {

/* Begin PBXBuildFile section */
		3083058C2D666B2C0046E73E /* Disassembler.swift in Sources */ = {isa = PBXBuildFile; fileRef = 308305682D666B2C0046E73E /* Disassembler.swift */; };
		3083058D2D666B2C0046E73E /* DisassemblerDetailView.swift in Sources */ = {isa = PBXBuildFile; fileRef = 308305692D666B2C0046E73E /* DisassemblerDetailView.swift */; };
		3083058E2D666B2C0046E73E /* DisassemblerFiles.swift in Sources */ = {isa = PBXBuildFile; fileRef = 3083056A2D666B2C0046E73E /* DisassemblerFiles.swift */; };
		3083058F2D666B2C0046E73E /* DisassemblerFilesView.swift in Sources */ = {isa = PBXBuildFile; fileRef = 3083056B2D666B2C0046E73E /* DisassemblerFilesView.swift */; };
		308305902D666B2C0046E73E /* DisassemblerView.swift in Sources */ = {isa = PBXBuildFile; fileRef = 3083056C2D666B2C0046E73E /* DisassemblerView.swift */; };
		308305912D666B2C0046E73E /* C64.swift in Sources */ = {isa = PBXBuildFile; fileRef = 3083057A2D666B2C0046E73E /* C64.swift */; };
		308305922D666B2C0046E73E /* C64_EmulatorApp.swift in Sources */ = {isa = PBXBuildFile; fileRef = 3083057B2D666B2C0046E73E /* C64_EmulatorApp.swift */; };
		308305932D666B2C0046E73E /* C64View.swift in Sources */ = {isa = PBXBuildFile; fileRef = 3083057C2D666B2C0046E73E /* C64View.swift */; };
		308305942D666B2C0046E73E /* CIA.swift in Sources */ = {isa = PBXBuildFile; fileRef = 3083057D2D666B2C0046E73E /* CIA.swift */; };
		308305952D666B2C0046E73E /* D64Format.swift in Sources */ = {isa = PBXBuildFile; fileRef = 3083057E2D666B2C0046E73E /* D64Format.swift */; };
		308305962D666B2C0046E73E /* D64View.swift in Sources */ = {isa = PBXBuildFile; fileRef = 3083057F2D666B2C0046E73E /* D64View.swift */; };
		308305972D666B2C0046E73E /* Floppy1541.swift in Sources */ = {isa = PBXBuildFile; fileRef = 308305802D666B2C0046E73E /* Floppy1541.swift */; };
		308305982D666B2C0046E73E /* Floppy1541View.swift in Sources */ = {isa = PBXBuildFile; fileRef = 308305812D666B2C0046E73E /* Floppy1541View.swift */; };
		308305992D666B2C0046E73E /* Keyboard.swift in Sources */ = {isa = PBXBuildFile; fileRef = 308305832D666B2C0046E73E /* Keyboard.swift */; };
		3083059A2D666B2C0046E73E /* KeyboardButtonStyle.swift in Sources */ = {isa = PBXBuildFile; fileRef = 308305842D666B2C0046E73E /* KeyboardButtonStyle.swift */; };
		3083059B2D666B2C0046E73E /* KeyboardView.swift in Sources */ = {isa = PBXBuildFile; fileRef = 308305852D666B2C0046E73E /* KeyboardView.swift */; };
		3083059C2D666B2C0046E73E /* MOS6502.swift in Sources */ = {isa = PBXBuildFile; fileRef = 308305862D666B2C0046E73E /* MOS6502.swift */; };
		3083059D2D666B2C0046E73E /* MOS6502_Opcodes.swift in Sources */ = {isa = PBXBuildFile; fileRef = 308305872D666B2C0046E73E /* MOS6502_Opcodes.swift */; };
		3083059E2D666B2C0046E73E /* TVScreen.swift in Sources */ = {isa = PBXBuildFile; fileRef = 308305892D666B2C0046E73E /* TVScreen.swift */; };
		3083059F2D666B2C0046E73E /* VICII.swift in Sources */ = {isa = PBXBuildFile; fileRef = 3083058A2D666B2C0046E73E /* VICII.swift */; };
		308305A02D666B2C0046E73E /* Bescii-Mono.ttf in Resources */ = {isa = PBXBuildFile; fileRef = 3083056E2D666B2C0046E73E /* Bescii-Mono.ttf */; };
		308305A12D666B2C0046E73E /* C64 - 901226-01 - Commodore (F833D117) Basic.rom in Resources */ = {isa = PBXBuildFile; fileRef = 308305712D666B2C0046E73E /* C64 - 901226-01 - Commodore (F833D117) Basic.rom */; };
		308305A22D666B2C0046E73E /* C64 - 901227-03 - Commodore (DBE3E7C7) Kernal.rom in Resources */ = {isa = PBXBuildFile; fileRef = 308305722D666B2C0046E73E /* C64 - 901227-03 - Commodore (DBE3E7C7) Kernal.rom */; };
		308305A32D666B2C0046E73E /* C64_Characters.rom in Resources */ = {isa = PBXBuildFile; fileRef = 308305732D666B2C0046E73E /* C64_Characters.rom */; };
		308305A72D666B2C0046E73E /* Assets.xcassets in Resources */ = {isa = PBXBuildFile; fileRef = 308305792D666B2C0046E73E /* Assets.xcassets */; };
/* End PBXBuildFile section */

/* Begin PBXContainerItemProxy section */
		309637072D53DF6D004AD07D /* PBXContainerItemProxy */ = {
			isa = PBXContainerItemProxy;
			containerPortal = 309636CD2D5357F9004AD07D /* Project object */;
			proxyType = 1;
			remoteGlobalIDString = 309636D42D5357F9004AD07D;
			remoteInfo = C64;
		};
/* End PBXContainerItemProxy section */

/* Begin PBXFileReference section */
		308305682D666B2C0046E73E /* Disassembler.swift */ = {isa = PBXFileReference; lastKnownFileType = sourcecode.swift; path = Disassembler.swift; sourceTree = "<group>"; };
		308305692D666B2C0046E73E /* DisassemblerDetailView.swift */ = {isa = PBXFileReference; lastKnownFileType = sourcecode.swift; path = DisassemblerDetailView.swift; sourceTree = "<group>"; };
		3083056A2D666B2C0046E73E /* DisassemblerFiles.swift */ = {isa = PBXFileReference; lastKnownFileType = sourcecode.swift; path = DisassemblerFiles.swift; sourceTree = "<group>"; };
		3083056B2D666B2C0046E73E /* DisassemblerFilesView.swift */ = {isa = PBXFileReference; lastKnownFileType = sourcecode.swift; path = DisassemblerFilesView.swift; sourceTree = "<group>"; };
		3083056C2D666B2C0046E73E /* DisassemblerView.swift */ = {isa = PBXFileReference; lastKnownFileType = sourcecode.swift; path = DisassemblerView.swift; sourceTree = "<group>"; };
		3083056E2D666B2C0046E73E /* Bescii-Mono.ttf */ = {isa = PBXFileReference; lastKnownFileType = file; path = "Bescii-Mono.ttf"; sourceTree = "<group>"; };
		308305712D666B2C0046E73E /* C64 - 901226-01 - Commodore (F833D117) Basic.rom */ = {isa = PBXFileReference; lastKnownFileType = file; path = "C64 - 901226-01 - Commodore (F833D117) Basic.rom"; sourceTree = "<group>"; };
		308305722D666B2C0046E73E /* C64 - 901227-03 - Commodore (DBE3E7C7) Kernal.rom */ = {isa = PBXFileReference; lastKnownFileType = file; path = "C64 - 901227-03 - Commodore (DBE3E7C7) Kernal.rom"; sourceTree = "<group>"; };
		308305732D666B2C0046E73E /* C64_Characters.rom */ = {isa = PBXFileReference; lastKnownFileType = file; path = C64_Characters.rom; sourceTree = "<group>"; };
		308305792D666B2C0046E73E /* Assets.xcassets */ = {isa = PBXFileReference; lastKnownFileType = folder.assetcatalog; path = Assets.xcassets; sourceTree = "<group>"; };
		3083057A2D666B2C0046E73E /* C64.swift */ = {isa = PBXFileReference; lastKnownFileType = sourcecode.swift; path = C64.swift; sourceTree = "<group>"; };
		3083057B2D666B2C0046E73E /* C64_EmulatorApp.swift */ = {isa = PBXFileReference; lastKnownFileType = sourcecode.swift; path = C64_EmulatorApp.swift; sourceTree = "<group>"; };
		3083057C2D666B2C0046E73E /* C64View.swift */ = {isa = PBXFileReference; lastKnownFileType = sourcecode.swift; path = C64View.swift; sourceTree = "<group>"; };
		3083057D2D666B2C0046E73E /* CIA.swift */ = {isa = PBXFileReference; lastKnownFileType = sourcecode.swift; path = CIA.swift; sourceTree = "<group>"; };
		3083057E2D666B2C0046E73E /* D64Format.swift */ = {isa = PBXFileReference; lastKnownFileType = sourcecode.swift; path = D64Format.swift; sourceTree = "<group>"; };
		3083057F2D666B2C0046E73E /* D64View.swift */ = {isa = PBXFileReference; lastKnownFileType = sourcecode.swift; path = D64View.swift; sourceTree = "<group>"; };
		308305802D666B2C0046E73E /* Floppy1541.swift */ = {isa = PBXFileReference; lastKnownFileType = sourcecode.swift; path = Floppy1541.swift; sourceTree = "<group>"; };
		308305812D666B2C0046E73E /* Floppy1541View.swift */ = {isa = PBXFileReference; lastKnownFileType = sourcecode.swift; path = Floppy1541View.swift; sourceTree = "<group>"; };
		308305822D666B2C0046E73E /* Info.plist */ = {isa = PBXFileReference; lastKnownFileType = text.plist.xml; path = Info.plist; sourceTree = "<group>"; };
		308305832D666B2C0046E73E /* Keyboard.swift */ = {isa = PBXFileReference; lastKnownFileType = sourcecode.swift; path = Keyboard.swift; sourceTree = "<group>"; };
		308305842D666B2C0046E73E /* KeyboardButtonStyle.swift */ = {isa = PBXFileReference; lastKnownFileType = sourcecode.swift; path = KeyboardButtonStyle.swift; sourceTree = "<group>"; };
		308305852D666B2C0046E73E /* KeyboardView.swift */ = {isa = PBXFileReference; lastKnownFileType = sourcecode.swift; path = KeyboardView.swift; sourceTree = "<group>"; };
		308305862D666B2C0046E73E /* MOS6502.swift */ = {isa = PBXFileReference; lastKnownFileType = sourcecode.swift; path = MOS6502.swift; sourceTree = "<group>"; };
		308305872D666B2C0046E73E /* MOS6502_Opcodes.swift */ = {isa = PBXFileReference; lastKnownFileType = sourcecode.swift; path = MOS6502_Opcodes.swift; sourceTree = "<group>"; };
		308305882D666B2C0046E73E /* Todos */ = {isa = PBXFileReference; lastKnownFileType = text; path = Todos; sourceTree = "<group>"; };
		308305892D666B2C0046E73E /* TVScreen.swift */ = {isa = PBXFileReference; lastKnownFileType = sourcecode.swift; path = TVScreen.swift; sourceTree = "<group>"; };
		3083058A2D666B2C0046E73E /* VICII.swift */ = {isa = PBXFileReference; lastKnownFileType = sourcecode.swift; path = VICII.swift; sourceTree = "<group>"; };
		309636D52D5357F9004AD07D /* C64.app */ = {isa = PBXFileReference; explicitFileType = wrapper.application; includeInIndex = 0; path = C64.app; sourceTree = BUILT_PRODUCTS_DIR; };
		309637032D53DF6D004AD07D /* C64Tests.xctest */ = {isa = PBXFileReference; explicitFileType = wrapper.cfbundle; includeInIndex = 0; path = C64Tests.xctest; sourceTree = BUILT_PRODUCTS_DIR; };
/* End PBXFileReference section */

/* Begin PBXFileSystemSynchronizedRootGroup section */
		308305AD2D666B630046E73E /* Software */ = {isa = PBXFileSystemSynchronizedRootGroup; explicitFileTypes = {}; explicitFolders = (); path = Software; sourceTree = "<group>"; };
		309637042D53DF6D004AD07D /* C64Tests */ = {isa = PBXFileSystemSynchronizedRootGroup; explicitFileTypes = {}; explicitFolders = (); path = C64Tests; sourceTree = "<group>"; };
/* End PBXFileSystemSynchronizedRootGroup section */

/* Begin PBXFrameworksBuildPhase section */
		309636D22D5357F9004AD07D /* Frameworks */ = {
			isa = PBXFrameworksBuildPhase;
			buildActionMask = 2147483647;
			files = (
			);
			runOnlyForDeploymentPostprocessing = 0;
		};
		309637002D53DF6D004AD07D /* Frameworks */ = {
			isa = PBXFrameworksBuildPhase;
			buildActionMask = 2147483647;
			files = (
			);
			runOnlyForDeploymentPostprocessing = 0;
		};
/* End PBXFrameworksBuildPhase section */

/* Begin PBXGroup section */
		3083056D2D666B2C0046E73E /* Disassembler */ = {
			isa = PBXGroup;
			children = (
				308305682D666B2C0046E73E /* Disassembler.swift */,
				308305692D666B2C0046E73E /* DisassemblerDetailView.swift */,
				3083056A2D666B2C0046E73E /* DisassemblerFiles.swift */,
				3083056B2D666B2C0046E73E /* DisassemblerFilesView.swift */,
				3083056C2D666B2C0046E73E /* DisassemblerView.swift */,
			);
			path = Disassembler;
			sourceTree = "<group>";
		};
		3083056F2D666B2C0046E73E /* Fonts */ = {
			isa = PBXGroup;
			children = (
				3083056E2D666B2C0046E73E /* Bescii-Mono.ttf */,
			);
			path = Fonts;
			sourceTree = "<group>";
		};
		308305702D666B2C0046E73E /* Preview Content */ = {
			isa = PBXGroup;
			children = (
			);
			path = "Preview Content";
			sourceTree = "<group>";
		};
		308305742D666B2C0046E73E /* ROMs */ = {
			isa = PBXGroup;
			children = (
				308305712D666B2C0046E73E /* C64 - 901226-01 - Commodore (F833D117) Basic.rom */,
				308305722D666B2C0046E73E /* C64 - 901227-03 - Commodore (DBE3E7C7) Kernal.rom */,
				308305732D666B2C0046E73E /* C64_Characters.rom */,
			);
			path = ROMs;
			sourceTree = "<group>";
		};
		3083058B2D666B2C0046E73E /* C64 */ = {
			isa = PBXGroup;
			children = (
				308305AD2D666B630046E73E /* Software */,
				3083056F2D666B2C0046E73E /* Fonts */,
				308305702D666B2C0046E73E /* Preview Content */,
				308305742D666B2C0046E73E /* ROMs */,
				308305792D666B2C0046E73E /* Assets.xcassets */,
				3083056D2D666B2C0046E73E /* Disassembler */,
				3083057A2D666B2C0046E73E /* C64.swift */,
				3083057B2D666B2C0046E73E /* C64_EmulatorApp.swift */,
				3083057C2D666B2C0046E73E /* C64View.swift */,
				3083057D2D666B2C0046E73E /* CIA.swift */,
				3083057E2D666B2C0046E73E /* D64Format.swift */,
				3083057F2D666B2C0046E73E /* D64View.swift */,
				308305802D666B2C0046E73E /* Floppy1541.swift */,
				308305812D666B2C0046E73E /* Floppy1541View.swift */,
				308305822D666B2C0046E73E /* Info.plist */,
				308305832D666B2C0046E73E /* Keyboard.swift */,
				308305842D666B2C0046E73E /* KeyboardButtonStyle.swift */,
				308305852D666B2C0046E73E /* KeyboardView.swift */,
				308305862D666B2C0046E73E /* MOS6502.swift */,
				308305872D666B2C0046E73E /* MOS6502_Opcodes.swift */,
				308305882D666B2C0046E73E /* Todos */,
				308305892D666B2C0046E73E /* TVScreen.swift */,
				3083058A2D666B2C0046E73E /* VICII.swift */,
			);
			path = C64;
			sourceTree = "<group>";
		};
		309636CC2D5357F9004AD07D = {
			isa = PBXGroup;
			children = (
				3083058B2D666B2C0046E73E /* C64 */,
				309637042D53DF6D004AD07D /* C64Tests */,
				309636D62D5357F9004AD07D /* Products */,
			);
			sourceTree = "<group>";
		};
		309636D62D5357F9004AD07D /* Products */ = {
			isa = PBXGroup;
			children = (
				309636D52D5357F9004AD07D /* C64.app */,
				309637032D53DF6D004AD07D /* C64Tests.xctest */,
			);
			name = Products;
			sourceTree = "<group>";
		};
/* End PBXGroup section */

/* Begin PBXNativeTarget section */
		309636D42D5357F9004AD07D /* C64 */ = {
			isa = PBXNativeTarget;
			buildConfigurationList = 309636E32D5357FB004AD07D /* Build configuration list for PBXNativeTarget "C64" */;
			buildPhases = (
				309636D12D5357F9004AD07D /* Sources */,
				309636D22D5357F9004AD07D /* Frameworks */,
				309636D32D5357F9004AD07D /* Resources */,
			);
			buildRules = (
			);
			dependencies = (
			);
			fileSystemSynchronizedGroups = (
				308305AD2D666B630046E73E /* Software */,
			);
			name = C64;
			packageProductDependencies = (
			);
			productName = C64;
			productReference = 309636D52D5357F9004AD07D /* C64.app */;
			productType = "com.apple.product-type.application";
		};
		309637022D53DF6D004AD07D /* C64Tests */ = {
			isa = PBXNativeTarget;
			buildConfigurationList = 309637092D53DF6D004AD07D /* Build configuration list for PBXNativeTarget "C64Tests" */;
			buildPhases = (
				309636FF2D53DF6D004AD07D /* Sources */,
				309637002D53DF6D004AD07D /* Frameworks */,
				309637012D53DF6D004AD07D /* Resources */,
			);
			buildRules = (
			);
			dependencies = (
				309637082D53DF6D004AD07D /* PBXTargetDependency */,
			);
			fileSystemSynchronizedGroups = (
				309637042D53DF6D004AD07D /* C64Tests */,
			);
			name = C64Tests;
			packageProductDependencies = (
			);
			productName = C64Tests;
			productReference = 309637032D53DF6D004AD07D /* C64Tests.xctest */;
			productType = "com.apple.product-type.bundle.unit-test";
		};
/* End PBXNativeTarget section */

/* Begin PBXProject section */
		309636CD2D5357F9004AD07D /* Project object */ = {
			isa = PBXProject;
			attributes = {
				BuildIndependentTargetsInParallel = 1;
				LastSwiftUpdateCheck = 1620;
				LastUpgradeCheck = 1620;
				TargetAttributes = {
					309636D42D5357F9004AD07D = {
						CreatedOnToolsVersion = 16.2;
					};
					309637022D53DF6D004AD07D = {
						CreatedOnToolsVersion = 16.2;
						TestTargetID = 309636D42D5357F9004AD07D;
					};
				};
			};
			buildConfigurationList = 309636D02D5357F9004AD07D /* Build configuration list for PBXProject "C64" */;
			compatibilityVersion = "Xcode 15.3";
			developmentRegion = en;
			hasScannedForEncodings = 0;
			knownRegions = (
				en,
				Base,
			);
			mainGroup = 309636CC2D5357F9004AD07D;
			minimizedProjectReferenceProxies = 1;
			productRefGroup = 309636D62D5357F9004AD07D /* Products */;
			projectDirPath = "";
			projectRoot = "";
			targets = (
				309636D42D5357F9004AD07D /* C64 */,
				309637022D53DF6D004AD07D /* C64Tests */,
			);
		};
/* End PBXProject section */

/* Begin PBXResourcesBuildPhase section */
		309636D32D5357F9004AD07D /* Resources */ = {
			isa = PBXResourcesBuildPhase;
			buildActionMask = 2147483647;
			files = (
				308305A02D666B2C0046E73E /* Bescii-Mono.ttf in Resources */,
				308305A12D666B2C0046E73E /* C64 - 901226-01 - Commodore (F833D117) Basic.rom in Resources */,
				308305A22D666B2C0046E73E /* C64 - 901227-03 - Commodore (DBE3E7C7) Kernal.rom in Resources */,
				308305A32D666B2C0046E73E /* C64_Characters.rom in Resources */,
				308305A72D666B2C0046E73E /* Assets.xcassets in Resources */,
			);
			runOnlyForDeploymentPostprocessing = 0;
		};
		309637012D53DF6D004AD07D /* Resources */ = {
			isa = PBXResourcesBuildPhase;
			buildActionMask = 2147483647;
			files = (
			);
			runOnlyForDeploymentPostprocessing = 0;
		};
/* End PBXResourcesBuildPhase section */

/* Begin PBXSourcesBuildPhase section */
		309636D12D5357F9004AD07D /* Sources */ = {
			isa = PBXSourcesBuildPhase;
			buildActionMask = 2147483647;
			files = (
				3083058C2D666B2C0046E73E /* Disassembler.swift in Sources */,
				3083058D2D666B2C0046E73E /* DisassemblerDetailView.swift in Sources */,
				3083058E2D666B2C0046E73E /* DisassemblerFiles.swift in Sources */,
				3083058F2D666B2C0046E73E /* DisassemblerFilesView.swift in Sources */,
				308305902D666B2C0046E73E /* DisassemblerView.swift in Sources */,
				308305912D666B2C0046E73E /* C64.swift in Sources */,
				308305922D666B2C0046E73E /* C64_EmulatorApp.swift in Sources */,
				308305932D666B2C0046E73E /* C64View.swift in Sources */,
				308305942D666B2C0046E73E /* CIA.swift in Sources */,
				308305952D666B2C0046E73E /* D64Format.swift in Sources */,
				308305962D666B2C0046E73E /* D64View.swift in Sources */,
				308305972D666B2C0046E73E /* Floppy1541.swift in Sources */,
				308305982D666B2C0046E73E /* Floppy1541View.swift in Sources */,
				308305992D666B2C0046E73E /* Keyboard.swift in Sources */,
				3083059A2D666B2C0046E73E /* KeyboardButtonStyle.swift in Sources */,
				3083059B2D666B2C0046E73E /* KeyboardView.swift in Sources */,
				3083059C2D666B2C0046E73E /* MOS6502.swift in Sources */,
				3083059D2D666B2C0046E73E /* MOS6502_Opcodes.swift in Sources */,
				3083059E2D666B2C0046E73E /* TVScreen.swift in Sources */,
				3083059F2D666B2C0046E73E /* VICII.swift in Sources */,
			);
			runOnlyForDeploymentPostprocessing = 0;
		};
		309636FF2D53DF6D004AD07D /* Sources */ = {
			isa = PBXSourcesBuildPhase;
			buildActionMask = 2147483647;
			files = (
			);
			runOnlyForDeploymentPostprocessing = 0;
		};
/* End PBXSourcesBuildPhase section */

/* Begin PBXTargetDependency section */
		309637082D53DF6D004AD07D /* PBXTargetDependency */ = {
			isa = PBXTargetDependency;
			target = 309636D42D5357F9004AD07D /* C64 */;
			targetProxy = 309637072D53DF6D004AD07D /* PBXContainerItemProxy */;
		};
/* End PBXTargetDependency section */

/* Begin XCBuildConfiguration section */
		309636E12D5357FB004AD07D /* Debug */ = {
			isa = XCBuildConfiguration;
			buildSettings = {
				ALWAYS_SEARCH_USER_PATHS = NO;
				ASSETCATALOG_COMPILER_GENERATE_SWIFT_ASSET_SYMBOL_EXTENSIONS = YES;
				CLANG_ANALYZER_NONNULL = YES;
				CLANG_ANALYZER_NUMBER_OBJECT_CONVERSION = YES_AGGRESSIVE;
				CLANG_CXX_LANGUAGE_STANDARD = "gnu++20";
				CLANG_ENABLE_MODULES = YES;
				CLANG_ENABLE_OBJC_ARC = YES;
				CLANG_ENABLE_OBJC_WEAK = YES;
				CLANG_WARN_BLOCK_CAPTURE_AUTORELEASING = YES;
				CLANG_WARN_BOOL_CONVERSION = YES;
				CLANG_WARN_COMMA = YES;
				CLANG_WARN_CONSTANT_CONVERSION = YES;
				CLANG_WARN_DEPRECATED_OBJC_IMPLEMENTATIONS = YES;
				CLANG_WARN_DIRECT_OBJC_ISA_USAGE = YES_ERROR;
				CLANG_WARN_DOCUMENTATION_COMMENTS = YES;
				CLANG_WARN_EMPTY_BODY = YES;
				CLANG_WARN_ENUM_CONVERSION = YES;
				CLANG_WARN_INFINITE_RECURSION = YES;
				CLANG_WARN_INT_CONVERSION = YES;
				CLANG_WARN_NON_LITERAL_NULL_CONVERSION = YES;
				CLANG_WARN_OBJC_IMPLICIT_RETAIN_SELF = YES;
				CLANG_WARN_OBJC_LITERAL_CONVERSION = YES;
				CLANG_WARN_OBJC_ROOT_CLASS = YES_ERROR;
				CLANG_WARN_QUOTED_INCLUDE_IN_FRAMEWORK_HEADER = YES;
				CLANG_WARN_RANGE_LOOP_ANALYSIS = YES;
				CLANG_WARN_STRICT_PROTOTYPES = YES;
				CLANG_WARN_SUSPICIOUS_MOVE = YES;
				CLANG_WARN_UNGUARDED_AVAILABILITY = YES_AGGRESSIVE;
				CLANG_WARN_UNREACHABLE_CODE = YES;
				CLANG_WARN__DUPLICATE_METHOD_MATCH = YES;
				COPY_PHASE_STRIP = NO;
				DEBUG_INFORMATION_FORMAT = dwarf;
				ENABLE_STRICT_OBJC_MSGSEND = YES;
				ENABLE_TESTABILITY = YES;
				ENABLE_USER_SCRIPT_SANDBOXING = YES;
				GCC_C_LANGUAGE_STANDARD = gnu17;
				GCC_DYNAMIC_NO_PIC = NO;
				GCC_NO_COMMON_BLOCKS = YES;
				GCC_OPTIMIZATION_LEVEL = 0;
				GCC_PREPROCESSOR_DEFINITIONS = (
					"DEBUG=1",
					"$(inherited)",
				);
				GCC_WARN_64_TO_32_BIT_CONVERSION = YES;
				GCC_WARN_ABOUT_RETURN_TYPE = YES_ERROR;
				GCC_WARN_UNDECLARED_SELECTOR = YES;
				GCC_WARN_UNINITIALIZED_AUTOS = YES_AGGRESSIVE;
				GCC_WARN_UNUSED_FUNCTION = YES;
				GCC_WARN_UNUSED_VARIABLE = YES;
				IPHONEOS_DEPLOYMENT_TARGET = 18.2;
				LOCALIZATION_PREFERS_STRING_CATALOGS = YES;
				MTL_ENABLE_DEBUG_INFO = INCLUDE_SOURCE;
				MTL_FAST_MATH = YES;
				ONLY_ACTIVE_ARCH = YES;
				SDKROOT = iphoneos;
				SWIFT_ACTIVE_COMPILATION_CONDITIONS = "DEBUG $(inherited)";
				SWIFT_OPTIMIZATION_LEVEL = "-Onone";
			};
			name = Debug;
		};
		309636E22D5357FB004AD07D /* Release */ = {
			isa = XCBuildConfiguration;
			buildSettings = {
				ALWAYS_SEARCH_USER_PATHS = NO;
				ASSETCATALOG_COMPILER_GENERATE_SWIFT_ASSET_SYMBOL_EXTENSIONS = YES;
				CLANG_ANALYZER_NONNULL = YES;
				CLANG_ANALYZER_NUMBER_OBJECT_CONVERSION = YES_AGGRESSIVE;
				CLANG_CXX_LANGUAGE_STANDARD = "gnu++20";
				CLANG_ENABLE_MODULES = YES;
				CLANG_ENABLE_OBJC_ARC = YES;
				CLANG_ENABLE_OBJC_WEAK = YES;
				CLANG_WARN_BLOCK_CAPTURE_AUTORELEASING = YES;
				CLANG_WARN_BOOL_CONVERSION = YES;
				CLANG_WARN_COMMA = YES;
				CLANG_WARN_CONSTANT_CONVERSION = YES;
				CLANG_WARN_DEPRECATED_OBJC_IMPLEMENTATIONS = YES;
				CLANG_WARN_DIRECT_OBJC_ISA_USAGE = YES_ERROR;
				CLANG_WARN_DOCUMENTATION_COMMENTS = YES;
				CLANG_WARN_EMPTY_BODY = YES;
				CLANG_WARN_ENUM_CONVERSION = YES;
				CLANG_WARN_INFINITE_RECURSION = YES;
				CLANG_WARN_INT_CONVERSION = YES;
				CLANG_WARN_NON_LITERAL_NULL_CONVERSION = YES;
				CLANG_WARN_OBJC_IMPLICIT_RETAIN_SELF = YES;
				CLANG_WARN_OBJC_LITERAL_CONVERSION = YES;
				CLANG_WARN_OBJC_ROOT_CLASS = YES_ERROR;
				CLANG_WARN_QUOTED_INCLUDE_IN_FRAMEWORK_HEADER = YES;
				CLANG_WARN_RANGE_LOOP_ANALYSIS = YES;
				CLANG_WARN_STRICT_PROTOTYPES = YES;
				CLANG_WARN_SUSPICIOUS_MOVE = YES;
				CLANG_WARN_UNGUARDED_AVAILABILITY = YES_AGGRESSIVE;
				CLANG_WARN_UNREACHABLE_CODE = YES;
				CLANG_WARN__DUPLICATE_METHOD_MATCH = YES;
				COPY_PHASE_STRIP = NO;
				DEBUG_INFORMATION_FORMAT = "dwarf-with-dsym";
				ENABLE_NS_ASSERTIONS = NO;
				ENABLE_STRICT_OBJC_MSGSEND = YES;
				ENABLE_USER_SCRIPT_SANDBOXING = YES;
				GCC_C_LANGUAGE_STANDARD = gnu17;
				GCC_NO_COMMON_BLOCKS = YES;
				GCC_WARN_64_TO_32_BIT_CONVERSION = YES;
				GCC_WARN_ABOUT_RETURN_TYPE = YES_ERROR;
				GCC_WARN_UNDECLARED_SELECTOR = YES;
				GCC_WARN_UNINITIALIZED_AUTOS = YES_AGGRESSIVE;
				GCC_WARN_UNUSED_FUNCTION = YES;
				GCC_WARN_UNUSED_VARIABLE = YES;
				IPHONEOS_DEPLOYMENT_TARGET = 18.2;
				LOCALIZATION_PREFERS_STRING_CATALOGS = YES;
				MTL_ENABLE_DEBUG_INFO = NO;
				MTL_FAST_MATH = YES;
				SDKROOT = iphoneos;
				SWIFT_COMPILATION_MODE = wholemodule;
				VALIDATE_PRODUCT = YES;
			};
			name = Release;
		};
		309636E42D5357FB004AD07D /* Debug */ = {
			isa = XCBuildConfiguration;
			buildSettings = {
				ASSETCATALOG_COMPILER_APPICON_NAME = AppIcon;
				ASSETCATALOG_COMPILER_GLOBAL_ACCENT_COLOR_NAME = AccentColor;
				CODE_SIGN_STYLE = Automatic;
				CURRENT_PROJECT_VERSION = 1;
				DEVELOPMENT_ASSET_PATHS = "\"C64/Preview Content\"";
				DEVELOPMENT_TEAM = L7L7CGJTMH;
				ENABLE_PREVIEWS = YES;
				GENERATE_INFOPLIST_FILE = YES;
				INFOPLIST_FILE = C64/Info.plist;
				INFOPLIST_KEY_UIApplicationSceneManifest_Generation = YES;
				INFOPLIST_KEY_UIApplicationSupportsIndirectInputEvents = YES;
				INFOPLIST_KEY_UILaunchScreen_Generation = YES;
				INFOPLIST_KEY_UISupportedInterfaceOrientations_iPad = "UIInterfaceOrientationPortrait UIInterfaceOrientationPortraitUpsideDown UIInterfaceOrientationLandscapeLeft UIInterfaceOrientationLandscapeRight";
				INFOPLIST_KEY_UISupportedInterfaceOrientations_iPhone = "UIInterfaceOrientationPortrait UIInterfaceOrientationLandscapeLeft UIInterfaceOrientationLandscapeRight";
				IPHONEOS_DEPLOYMENT_TARGET = 17.6;
				LD_RUNPATH_SEARCH_PATHS = (
					"$(inherited)",
					"@executable_path/Frameworks",
				);
				MARKETING_VERSION = 1.0;
				PRODUCT_BUNDLE_IDENTIFIER = de.chhb.C64;
				PRODUCT_NAME = "$(TARGET_NAME)";
				SWIFT_EMIT_LOC_STRINGS = YES;
				SWIFT_VERSION = 5.0;
				TARGETED_DEVICE_FAMILY = "1,2";
			};
			name = Debug;
		};
		309636E52D5357FB004AD07D /* Release */ = {
			isa = XCBuildConfiguration;
			buildSettings = {
				ASSETCATALOG_COMPILER_APPICON_NAME = AppIcon;
				ASSETCATALOG_COMPILER_GLOBAL_ACCENT_COLOR_NAME = AccentColor;
				CODE_SIGN_STYLE = Automatic;
				CURRENT_PROJECT_VERSION = 1;
				DEVELOPMENT_ASSET_PATHS = "\"C64/Preview Content\"";
				DEVELOPMENT_TEAM = L7L7CGJTMH;
				ENABLE_PREVIEWS = YES;
				GENERATE_INFOPLIST_FILE = YES;
				INFOPLIST_FILE = C64/Info.plist;
				INFOPLIST_KEY_UIApplicationSceneManifest_Generation = YES;
				INFOPLIST_KEY_UIApplicationSupportsIndirectInputEvents = YES;
				INFOPLIST_KEY_UILaunchScreen_Generation = YES;
				INFOPLIST_KEY_UISupportedInterfaceOrientations_iPad = "UIInterfaceOrientationPortrait UIInterfaceOrientationPortraitUpsideDown UIInterfaceOrientationLandscapeLeft UIInterfaceOrientationLandscapeRight";
				INFOPLIST_KEY_UISupportedInterfaceOrientations_iPhone = "UIInterfaceOrientationPortrait UIInterfaceOrientationLandscapeLeft UIInterfaceOrientationLandscapeRight";
				IPHONEOS_DEPLOYMENT_TARGET = 17.6;
				LD_RUNPATH_SEARCH_PATHS = (
					"$(inherited)",
					"@executable_path/Frameworks",
				);
				MARKETING_VERSION = 1.0;
				PRODUCT_BUNDLE_IDENTIFIER = de.chhb.C64;
				PRODUCT_NAME = "$(TARGET_NAME)";
				SWIFT_EMIT_LOC_STRINGS = YES;
				SWIFT_VERSION = 5.0;
				TARGETED_DEVICE_FAMILY = "1,2";
			};
			name = Release;
		};
		3096370A2D53DF6D004AD07D /* Debug */ = {
			isa = XCBuildConfiguration;
			buildSettings = {
				BUNDLE_LOADER = "$(TEST_HOST)";
				CODE_SIGN_STYLE = Automatic;
				CURRENT_PROJECT_VERSION = 1;
				DEVELOPMENT_TEAM = L7L7CGJTMH;
				GENERATE_INFOPLIST_FILE = YES;
				MARKETING_VERSION = 1.0;
				PRODUCT_BUNDLE_IDENTIFIER = de.chhb.C64Tests;
				PRODUCT_NAME = "$(TARGET_NAME)";
				SWIFT_EMIT_LOC_STRINGS = NO;
				SWIFT_VERSION = 5.0;
				TARGETED_DEVICE_FAMILY = "1,2";
				TEST_HOST = "$(BUILT_PRODUCTS_DIR)/C64.app/$(BUNDLE_EXECUTABLE_FOLDER_PATH)/C64";
			};
			name = Debug;
		};
		3096370B2D53DF6D004AD07D /* Release */ = {
			isa = XCBuildConfiguration;
			buildSettings = {
				BUNDLE_LOADER = "$(TEST_HOST)";
				CODE_SIGN_STYLE = Automatic;
				CURRENT_PROJECT_VERSION = 1;
				DEVELOPMENT_TEAM = L7L7CGJTMH;
				GENERATE_INFOPLIST_FILE = YES;
				MARKETING_VERSION = 1.0;
				PRODUCT_BUNDLE_IDENTIFIER = de.chhb.C64Tests;
				PRODUCT_NAME = "$(TARGET_NAME)";
				SWIFT_EMIT_LOC_STRINGS = NO;
				SWIFT_VERSION = 5.0;
				TARGETED_DEVICE_FAMILY = "1,2";
				TEST_HOST = "$(BUILT_PRODUCTS_DIR)/C64.app/$(BUNDLE_EXECUTABLE_FOLDER_PATH)/C64";
			};
			name = Release;
		};
/* End XCBuildConfiguration section */

/* Begin XCConfigurationList section */
		309636D02D5357F9004AD07D /* Build configuration list for PBXProject "C64" */ = {
			isa = XCConfigurationList;
			buildConfigurations = (
				309636E12D5357FB004AD07D /* Debug */,
				309636E22D5357FB004AD07D /* Release */,
			);
			defaultConfigurationIsVisible = 0;
			defaultConfigurationName = Release;
		};
		309636E32D5357FB004AD07D /* Build configuration list for PBXNativeTarget "C64" */ = {
			isa = XCConfigurationList;
			buildConfigurations = (
				309636E42D5357FB004AD07D /* Debug */,
				309636E52D5357FB004AD07D /* Release */,
			);
			defaultConfigurationIsVisible = 0;
			defaultConfigurationName = Release;
		};
		309637092D53DF6D004AD07D /* Build configuration list for PBXNativeTarget "C64Tests" */ = {
			isa = XCConfigurationList;
			buildConfigurations = (
				3096370A2D53DF6D004AD07D /* Debug */,
				3096370B2D53DF6D004AD07D /* Release */,
			);
			defaultConfigurationIsVisible = 0;
			defaultConfigurationName = Release;
		};
/* End XCConfigurationList section */
	};
	rootObject = 309636CD2D5357F9004AD07D /* Project object */;
}
